<?xml version="1.0" encoding="utf-8"?>
<Project ToolsVersion="4.0" xmlns="http://schemas.microsoft.com/developer/msbuild/2003">
  <ItemGroup>
    <Filter Include="Source files">
      <UniqueIdentifier>{9f61c5f5-71aa-4010-bf48-d8125d63f1d0}</UniqueIdentifier>
      <Extensions>cpp;c;cc;cxx;def;odl;idl;hpj;bat;asm;asmx</Extensions>
    </Filter>
    <Filter Include="Header files">
      <UniqueIdentifier>{81cc99d6-47af-4666-af7d-9b6e480b63aa}</UniqueIdentifier>
      <Extensions>h;hpp;hxx;hm;inl;inc;xsd</Extensions>
    </Filter>
    <Filter Include="Resource files">
      <UniqueIdentifier>{3ca75bb5-412d-4bcd-9d72-984cf8e97aab}</UniqueIdentifier>
      <Extensions>rc;ico;cur;bmp;dlg;rc2;rct;bin;rgs;gif;jpg;jpeg;jpe;resx;tiff;tif;png;wav</Extensions>
    </Filter>
    <Filter Include="Make files">
      <UniqueIdentifier>{77d77c39-9ad6-4425-86b4-3acb72745b6a}</UniqueIdentifier>
      <Extensions>*.mak</Extensions>
    </Filter>
    <Filter Include="Source files\Device-specific files">
      <UniqueIdentifier>{01779ea4-5d8e-4c31-ad05-82a50b4c89a3}</UniqueIdentifier>
    </Filter>
    <Filter Include="Header files\Device-specific files">
      <UniqueIdentifier>{6036c82f-10a3-4b1e-9f27-ff5718befa7a}</UniqueIdentifier>
    </Filter>
    <Filter Include="Source files\libs">
      <UniqueIdentifier>{7c0b06d0-3520-4397-aad8-47b3f6c692a4}</UniqueIdentifier>
    </Filter>
    <Filter Include="Source files\libs\fatfs">
      <UniqueIdentifier>{cee49e86-424b-4754-a418-3dc881f74b39}</UniqueIdentifier>
    </Filter>
    <Filter Include="Source files\libs\fatfs\option">
      <UniqueIdentifier>{e4de6d00-7fa8-47d9-8721-a3ebfbec4477}</UniqueIdentifier>
    </Filter>
  </ItemGroup>
  <ItemGroup>
    <ClCompile Include="system_stm32f10x.c">
      <Filter>Source files</Filter>
    </ClCompile>
    <ClCompile Include="C:\Users\Jan\AppData\Local\VisualGDB\EmbeddedBSPs\arm-eabi\com.sysprogs.arm.stm32\STM32F1xxxx\StartupFiles\startup_stm32f103xb.c">
      <Filter>Source files\Device-specific files</Filter>
    </ClCompile>
    <ClCompile Include="main.cpp">
      <Filter>Source files</Filter>
    </ClCompile>
    <ClCompile Include="LibraryHacks.cpp">
      <Filter>Source files</Filter>
    </ClCompile>
    <ClCompile Include="libs\fatfs\sd_spi_stm32.c">
      <Filter>Source files\libs\fatfs</Filter>
    </ClCompile>
    <ClCompile Include="libs\fatfs\fattime.c">
      <Filter>Source files\libs\fatfs</Filter>
    </ClCompile>
    <ClCompile Include="libs\fatfs\ff.c">
      <Filter>Source files\libs\fatfs</Filter>
    </ClCompile>
    <ClCompile Include="libs\fatfs\option\unicode.c">
      <Filter>Source files\libs\fatfs\option</Filter>
    </ClCompile>
  </ItemGroup>
  <ItemGroup>
    <None Include="Makefile" />
    <None Include="debug.mak">
      <Filter>Make files</Filter>
    </None>
    <None Include="release.mak">
      <Filter>Make files</Filter>
    </None>
    <None Include="stm32.mak">
      <Filter>Source files\Device-specific files</Filter>
    </None>
  </ItemGroup>
  <ItemGroup>
    <ClInclude Include="libs\fatfs\ffconf.h">
      <Filter>Source files\libs\fatfs</Filter>
    </ClInclude>
    <ClInclude Include="libs\fatfs\integer.h">
      <Filter>Source files\libs\fatfs</Filter>
    </ClInclude>
    <ClInclude Include="libs\fatfs\diskio.h">
      <Filter>Source files\libs\fatfs</Filter>
    </ClInclude>
    <ClInclude Include="libs\fatfs\fattime.h">
      <Filter>Source files\libs\fatfs</Filter>
    </ClInclude>
    <ClInclude Include="libs\fatfs\ff.h">
      <Filter>Source files\libs\fatfs</Filter>
    </ClInclude>
  </ItemGroup>
  <ItemGroup>
    <Text Include="libs\fatfs\00readme.txt">
      <Filter>Source files\libs\fatfs</Filter>
    </Text>
  </ItemGroup>
</Project>